# THIS IS AN AUTOGENERATED FILE. DO NOT EDIT THIS FILE DIRECTLY.
# yarn lockfile v1


bootstrap-datepicker@^1.6.4:
  version "1.6.4"
  resolved "https://registry.yarnpkg.com/bootstrap-datepicker/-/bootstrap-datepicker-1.6.4.tgz#889ebeced8eaa2ff15ec1f273e4b07531cc43da0"
  dependencies:
    jquery ">=1.7.1"

bootstrap-daterangepicker@^2.1.25:
  version "2.1.25"
  resolved "https://registry.yarnpkg.com/bootstrap-daterangepicker/-/bootstrap-daterangepicker-2.1.25.tgz#fcd8ba0b755a054d330d7a3b7c4dd8bb855cffb7"
  dependencies:
    jquery ">=1.10"
    moment "^2.9.0"

bootstrap@^3.3.7:
  version "3.3.7"
  resolved "https://registry.yarnpkg.com/bootstrap/-/bootstrap-3.3.7.tgz#5a389394549f23330875a3b150656574f8a9eb71"

datatables-buttons@^1.0.3:
  version "1.0.3"
  resolved "https://registry.yarnpkg.com/datatables-buttons/-/datatables-buttons-1.0.3.tgz#cc3d5c97002f83981ee2bbb8e23b4127de8e7e57"
  dependencies:
    datatables ">=1.10.8"
    jquery ">=1.7.0"

datatables@>=1.10.8, datatables@^1.10.13:
  version "1.10.13"
  resolved "https://registry.yarnpkg.com/datatables/-/datatables-1.10.13.tgz#9bb2dec6f7dcf02049a00e4f0e7d3fe009c39346"
  dependencies:
    jquery ">=1.7"

font-awesome@^4.7.0:
  version "4.7.0"
  resolved "https://registry.yarnpkg.com/font-awesome/-/font-awesome-4.7.0.tgz#8fa8cf0411a1a31afd07b06d2902bb9fc815a133"

jquery-validation@^1.16.0:
  version "1.16.0"
  resolved "https://registry.yarnpkg.com/jquery-validation/-/jquery-validation-1.16.0.tgz#b6e5277ebbd67c1fabab213eb4454eea8a3095ca"
  dependencies:
    jquery "^1.7 || ^2.0 || ^3.1"

jquery.fancytree@^2.23.0:
  version "2.23.0"
  resolved "https://registry.yarnpkg.com/jquery.fancytree/-/jquery.fancytree-2.23.0.tgz#9bf3050031d560903b25117ab2d78a9bcf164b97"

jquery@>=1.10, jquery@>=1.7, jquery@>=1.7.0, jquery@>=1.7.1, "jquery@^1.7 || ^2.0 || ^3.1", jquery@^3.2.1:
  version "3.2.1"
  resolved "https://registry.yarnpkg.com/jquery/-/jquery-3.2.1.tgz#5c4d9de652af6cd0a770154a631bba12b015c787"

moment@^2.18.1, moment@^2.9.0:
  version "2.18.1"
  resolved "https://registry.yarnpkg.com/moment/-/moment-2.18.1.tgz#c36193dd3ce1c2eed2adb7c802dbbc77a81b1c0f"

toastr@^2.1.2:
  version "2.1.2"
  resolved "https://registry.yarnpkg.com/toastr/-/toastr-2.1.2.tgz#fd69066ae7578a5b3357725fc9c7c335e9b681df"
